
Microsoft Visual Studio Solution File, Format Version 12.00
# Visual Studio 2012
Project("{FAE04EC0-301F-11D3-BF4B-00C04F79EFBC}") = "Triggers", "Triggers\Triggers.csproj", "{8633DE7C-0D7B-4BEB-AD3C-C05B2F5FB740}"
EndProject
Project("{FAE04EC0-301F-11D3-BF4B-00C04F79EFBC}") = "Triggers.iOS", "iOS\Triggers.iOS.csproj", "{82663D7A-A536-4FCD-993F-BADBA9EA1E06}"
EndProject
Project("{FAE04EC0-301F-11D3-BF4B-00C04F79EFBC}") = "Triggers.Droid", "Droid\Triggers.Droid.csproj", "{B3874F2E-D0F5-4E3C-BB51-2921D6FA5CA3}"
EndProject
Global
	GlobalSection(SolutionConfigurationPlatforms) = preSolution
		Debug|Any CPU = Debug|Any CPU
		Release|Any CPU = Release|Any CPU
		Debug|iPhoneSimulator = Debug|iPhoneSimulator
		Release|iPhone = Release|iPhone
		Release|iPhoneSimulator = Release|iPhoneSimulator
		Debug|iPhone = Debug|iPhone
	EndGlobalSection
	GlobalSection(ProjectConfigurationPlatforms) = postSolution
		{8633DE7C-0D7B-4BEB-AD3C-C05B2F5FB740}.Debug|Any CPU.ActiveCfg = Debug|Any CPU
		{8633DE7C-0D7B-4BEB-AD3C-C05B2F5FB740}.Debug|Any CPU.Build.0 = Debug|Any CPU
		{8633DE7C-0D7B-4BEB-AD3C-C05B2F5FB740}.Release|Any CPU.ActiveCfg = Release|Any CPU
		{8633DE7C-0D7B-4BEB-AD3C-C05B2F5FB740}.Release|Any CPU.Build.0 = Release|Any CPU
		{8633DE7C-0D7B-4BEB-AD3C-C05B2F5FB740}.Debug|iPhoneSimulator.ActiveCfg = Debug|Any CPU
		{8633DE7C-0D7B-4BEB-AD3C-C05B2F5FB740}.Debug|iPhoneSimulator.Build.0 = Debug|Any CPU
		{8633DE7C-0D7B-4BEB-AD3C-C05B2F5FB740}.Release|iPhone.ActiveCfg = Release|Any CPU
		{8633DE7C-0D7B-4BEB-AD3C-C05B2F5FB740}.Release|iPhone.Build.0 = Release|Any CPU
		{8633DE7C-0D7B-4BEB-AD3C-C05B2F5FB740}.Release|iPhoneSimulator.ActiveCfg = Release|Any CPU
		{8633DE7C-0D7B-4BEB-AD3C-C05B2F5FB740}.Release|iPhoneSimulator.Build.0 = Release|Any CPU
		{8633DE7C-0D7B-4BEB-AD3C-C05B2F5FB740}.Debug|iPhone.ActiveCfg = Debug|Any CPU
		{8633DE7C-0D7B-4BEB-AD3C-C05B2F5FB740}.Debug|iPhone.Build.0 = Debug|Any CPU
		{82663D7A-A536-4FCD-993F-BADBA9EA1E06}.Debug|Any CPU.ActiveCfg = Debug|iPhoneSimulator
		{82663D7A-A536-4FCD-993F-BADBA9EA1E06}.Debug|Any CPU.Build.0 = Debug|iPhoneSimulator
		{82663D7A-A536-4FCD-993F-BADBA9EA1E06}.Release|Any CPU.ActiveCfg = Release|iPhone
		{82663D7A-A536-4FCD-993F-BADBA9EA1E06}.Release|Any CPU.Build.0 = Release|iPhone
		{82663D7A-A536-4FCD-993F-BADBA9EA1E06}.Debug|iPhoneSimulator.ActiveCfg = Debug|iPhoneSimulator
		{82663D7A-A536-4FCD-993F-BADBA9EA1E06}.Debug|iPhoneSimulator.Build.0 = Debug|iPhoneSimulator
		{82663D7A-A536-4FCD-993F-BADBA9EA1E06}.Release|iPhone.ActiveCfg = Release|iPhone
		{82663D7A-A536-4FCD-993F-BADBA9EA1E06}.Release|iPhone.Build.0 = Release|iPhone
		{82663D7A-A536-4FCD-993F-BADBA9EA1E06}.Release|iPhoneSimulator.ActiveCfg = Release|iPhoneSimulator
		{82663D7A-A536-4FCD-993F-BADBA9EA1E06}.Release|iPhoneSimulator.Build.0 = Release|iPhoneSimulator
		{82663D7A-A536-4FCD-993F-BADBA9EA1E06}.Debug|iPhone.ActiveCfg = Debug|iPhone
		{82663D7A-A536-4FCD-993F-BADBA9EA1E06}.Debug|iPhone.Build.0 = Debug|iPhone
		{B3874F2E-D0F5-4E3C-BB51-2921D6FA5CA3}.Debug|Any CPU.ActiveCfg = Debug|Any CPU
		{B3874F2E-D0F5-4E3C-BB51-2921D6FA5CA3}.Debug|Any CPU.Build.0 = Debug|Any CPU
		{B3874F2E-D0F5-4E3C-BB51-2921D6FA5CA3}.Release|Any CPU.ActiveCfg = Release|Any CPU
		{B3874F2E-D0F5-4E3C-BB51-2921D6FA5CA3}.Release|Any CPU.Build.0 = Release|Any CPU
		{B3874F2E-D0F5-4E3C-BB51-2921D6FA5CA3}.Debug|iPhoneSimulator.ActiveCfg = Debug|Any CPU
		{B3874F2E-D0F5-4E3C-BB51-2921D6FA5CA3}.Debug|iPhoneSimulator.Build.0 = Debug|Any CPU
		{B3874F2E-D0F5-4E3C-BB51-2921D6FA5CA3}.Release|iPhone.ActiveCfg = Release|Any CPU
		{B3874F2E-D0F5-4E3C-BB51-2921D6FA5CA3}.Release|iPhone.Build.0 = Release|Any CPU
		{B3874F2E-D0F5-4E3C-BB51-2921D6FA5CA3}.Release|iPhoneSimulator.ActiveCfg = Release|Any CPU
		{B3874F2E-D0F5-4E3C-BB51-2921D6FA5CA3}.Release|iPhoneSimulator.Build.0 = Release|Any CPU
		{B3874F2E-D0F5-4E3C-BB51-2921D6FA5CA3}.Debug|iPhone.ActiveCfg = Debug|Any CPU
		{B3874F2E-D0F5-4E3C-BB51-2921D6FA5CA3}.Debug|iPhone.Build.0 = Debug|Any CPU
	EndGlobalSection
EndGlobal
